
Microsoft Visual Studio Solution File, Format Version 12.00
# Visual Studio Version 16
VisualStudioVersion = 16.0.32413.511
MinimumVisualStudioVersion = 10.0.40219.1
Project("{9A19103F-16F7-4668-BE54-9A1E7A4F7556}") = "AtcCaseWebApp.MVC", "AtcCaseWebApp.MVC\AtcCaseWebApp.MVC.csproj", "{92240A1D-301D-466D-9353-A4A9B3DAB5F0}"
EndProject
Project("{9A19103F-16F7-4668-BE54-9A1E7A4F7556}") = "AtcCaseWebApp.WebApi", "AtcCaseWebApp.WebApi\AtcCaseWebApp.WebApi.csproj", "{C3FE4303-B2E5-4A07-B60C-69CFF1213A7F}"
EndProject
Global
	GlobalSection(SolutionConfigurationPlatforms) = preSolution
		Debug|Any CPU = Debug|Any CPU
		Release|Any CPU = Release|Any CPU
	EndGlobalSection
	GlobalSection(ProjectConfigurationPlatforms) = postSolution
		{92240A1D-301D-466D-9353-A4A9B3DAB5F0}.Debug|Any CPU.ActiveCfg = Debug|Any CPU
		{92240A1D-301D-466D-9353-A4A9B3DAB5F0}.Debug|Any CPU.Build.0 = Debug|Any CPU
		{92240A1D-301D-466D-9353-A4A9B3DAB5F0}.Release|Any CPU.ActiveCfg = Release|Any CPU
		{92240A1D-301D-466D-9353-A4A9B3DAB5F0}.Release|Any CPU.Build.0 = Release|Any CPU
		{C3FE4303-B2E5-4A07-B60C-69CFF1213A7F}.Debug|Any CPU.ActiveCfg = Debug|Any CPU
		{C3FE4303-B2E5-4A07-B60C-69CFF1213A7F}.Debug|Any CPU.Build.0 = Debug|Any CPU
		{C3FE4303-B2E5-4A07-B60C-69CFF1213A7F}.Release|Any CPU.ActiveCfg = Release|Any CPU
		{C3FE4303-B2E5-4A07-B60C-69CFF1213A7F}.Release|Any CPU.Build.0 = Release|Any CPU
	EndGlobalSection
	GlobalSection(SolutionProperties) = preSolution
		HideSolutionNode = FALSE
	EndGlobalSection
	GlobalSection(ExtensibilityGlobals) = postSolution
		SolutionGuid = {BBB59455-15F8-41F6-9449-8F768648C30F}
	EndGlobalSection
EndGlobal
